
Microsoft Visual Studio Solution File, Format Version 12.00
# Visual Studio Version 16
VisualStudioVersion = 16.0.31112.23
MinimumVisualStudioVersion = 10.0.40219.1
Project("{FAE04EC0-301F-11D3-BF4B-00C04F79EFBC}") = "my-books", "my-books.csproj", "{A6287CDB-7CCE-43A8-9B80-E350CA0C76B1}"
EndProject
Global
	GlobalSection(SolutionConfigurationPlatforms) = preSolution
		Debug|Any CPU = Debug|Any CPU
		Release|Any CPU = Release|Any CPU
	EndGlobalSection
	GlobalSection(ProjectConfigurationPlatforms) = postSolution
		{A6287CDB-7CCE-43A8-9B80-E350CA0C76B1}.Debug|Any CPU.ActiveCfg = Debug|Any CPU
		{A6287CDB-7CCE-43A8-9B80-E350CA0C76B1}.Debug|Any CPU.Build.0 = Debug|Any CPU
		{A6287CDB-7CCE-43A8-9B80-E350CA0C76B1}.Release|Any CPU.ActiveCfg = Release|Any CPU
		{A6287CDB-7CCE-43A8-9B80-E350CA0C76B1}.Release|Any CPU.Build.0 = Release|Any CPU
	EndGlobalSection
	GlobalSection(SolutionProperties) = preSolution
		HideSolutionNode = FALSE
	EndGlobalSection
	GlobalSection(ExtensibilityGlobals) = postSolution
		SolutionGuid = {DC6D26EF-EC0F-4F2C-B041-BF69988E86CB}
	EndGlobalSection
EndGlobal
